{
  "version": 4,
  "terraform_version": "0.13.4",
  "serial": 249,
  "lineage": "22fa77f8-8ded-7a9c-af03-c21cd5569525",
  "outputs": {},
  "resources": [
    {
      "mode": "managed",
      "type": "google_compute_backend_service",
      "name": "default",
      "provider": "provider[\"registry.terraform.io/hashicorp/google\"]",
      "instances": [
        {
          "schema_version": 1,
          "attributes": {
            "affinity_cookie_ttl_sec": 0,
            "backend": [],
            "cdn_policy": [],
            "circuit_breakers": [],
            "connection_draining_timeout_sec": 300,
            "consistent_hash": [],
            "creation_timestamp": "2020-10-18T10:04:22.375-07:00",
            "custom_request_headers": [],
            "description": "",
            "enable_cdn": false,
            "fingerprint": "UtRVZxwDaPY=",
            "health_checks": [
              "https://www.googleapis.com/compute/v1/projects/iac-triplex/global/httpHealthChecks/check-backend"
            ],
            "iap": [],
            "id": "projects/iac-triplex/global/backendServices/backend",
            "load_balancing_scheme": "EXTERNAL",
            "locality_lb_policy": "",
            "log_config": [],
            "name": "backend",
            "outlier_detection": [],
            "port_name": "http",
            "project": "iac-triplex",
            "protocol": "HTTP",
            "security_policy": "",
            "self_link": "https://www.googleapis.com/compute/v1/projects/iac-triplex/global/backendServices/backend",
            "session_affinity": "NONE",
            "timeout_sec": 10,
            "timeouts": null
          },
          "private": "eyJlMmJmYjczMC1lY2FhLTExZTYtOGY4OC0zNDM2M2JjN2M0YzAiOnsiY3JlYXRlIjoyNDAwMDAwMDAwMDAsImRlbGV0ZSI6MjQwMDAwMDAwMDAwLCJ1cGRhdGUiOjI0MDAwMDAwMDAwMH0sInNjaGVtYV92ZXJzaW9uIjoiMSJ9",
          "dependencies": [
            "google_compute_http_health_check.default"
          ]
        }
      ]
    },
    {
      "mode": "managed",
      "type": "google_compute_firewall",
      "name": "firewall-nointernet",
      "provider": "provider[\"registry.terraform.io/hashicorp/google\"]",
      "instances": [
        {
          "schema_version": 1,
          "attributes": {
            "allow": [
              {
                "ports": [],
                "protocol": "tcp"
              }
            ],
            "creation_timestamp": "2020-10-18T11:32:42.361-07:00",
            "deny": [],
            "description": "",
            "destination_ranges": [],
            "direction": "INGRESS",
            "disabled": false,
            "enable_logging": null,
            "id": "projects/tf-vpc-2b262f2d0e8b2646/global/firewalls/vpc-default-firewall-coalfire-fw",
            "log_config": [],
            "name": "vpc-default-firewall-coalfire-fw",
            "network": "https://www.googleapis.com/compute/v1/projects/tf-vpc-2b262f2d0e8b2646/global/networks/shared-network",
            "priority": 1000,
            "project": "tf-vpc-2b262f2d0e8b2646",
            "self_link": "https://www.googleapis.com/compute/v1/projects/tf-vpc-2b262f2d0e8b2646/global/firewalls/vpc-default-firewall-coalfire-fw",
            "source_ranges": [
              "35.235.240.0"
            ],
            "source_service_accounts": [],
            "source_tags": [],
            "target_service_accounts": [],
            "target_tags": [],
            "timeouts": null
          },
          "private": "eyJlMmJmYjczMC1lY2FhLTExZTYtOGY4OC0zNDM2M2JjN2M0YzAiOnsiY3JlYXRlIjoyNDAwMDAwMDAwMDAsImRlbGV0ZSI6MjQwMDAwMDAwMDAwLCJ1cGRhdGUiOjI0MDAwMDAwMDAwMH0sInNjaGVtYV92ZXJzaW9uIjoiMSJ9",
          "dependencies": [
            "google_compute_network.shared_network",
            "google_compute_shared_vpc_host_project.host_project"
          ]
        }
      ]
    },
    {
      "mode": "managed",
      "type": "google_compute_firewall",
      "name": "internet_firewall",
      "provider": "provider[\"registry.terraform.io/hashicorp/google\"]",
      "instances": [
        {
          "schema_version": 1,
          "attributes": {
            "allow": [
              {
                "ports": [
                  "22",
                  "80"
                ],
                "protocol": "tcp"
              },
              {
                "ports": [],
                "protocol": "icmp"
              }
            ],
            "creation_timestamp": "2020-10-18T11:05:34.889-07:00",
            "deny": [],
            "description": "",
            "destination_ranges": [],
            "direction": "INGRESS",
            "disabled": false,
            "enable_logging": null,
            "id": "projects/tf-vpc-2b262f2d0e8b2646/global/firewalls/allow-ssh-80-from-iap",
            "log_config": [],
            "name": "allow-ssh-80-from-iap",
            "network": "https://www.googleapis.com/compute/v1/projects/tf-vpc-2b262f2d0e8b2646/global/networks/shared-network",
            "priority": 1000,
            "project": "tf-vpc-2b262f2d0e8b2646",
            "self_link": "https://www.googleapis.com/compute/v1/projects/tf-vpc-2b262f2d0e8b2646/global/firewalls/allow-ssh-80-from-iap",
            "source_ranges": [
              "35.235.240.0"
            ],
            "source_service_accounts": [],
            "source_tags": [],
            "target_service_accounts": [],
            "target_tags": [],
            "timeouts": null
          },
          "private": "eyJlMmJmYjczMC1lY2FhLTExZTYtOGY4OC0zNDM2M2JjN2M0YzAiOnsiY3JlYXRlIjoyNDAwMDAwMDAwMDAsImRlbGV0ZSI6MjQwMDAwMDAwMDAwLCJ1cGRhdGUiOjI0MDAwMDAwMDAwMH0sInNjaGVtYV92ZXJzaW9uIjoiMSJ9",
          "dependencies": [
            "google_compute_network.shared_network",
            "google_compute_shared_vpc_host_project.host_project"
          ]
        }
      ]
    },
    {
      "mode": "managed",
      "type": "google_compute_firewall",
      "name": "shared_network-fw",
      "provider": "provider[\"registry.terraform.io/hashicorp/google\"]",
      "instances": [
        {
          "schema_version": 1,
          "attributes": {
            "allow": [
              {
                "ports": [
                  "22",
                  "80"
                ],
                "protocol": "tcp"
              },
              {
                "ports": [],
                "protocol": "icmp"
              }
            ],
            "creation_timestamp": "2020-10-18T11:05:34.902-07:00",
            "deny": [],
            "description": "",
            "destination_ranges": [],
            "direction": "INGRESS",
            "disabled": false,
            "enable_logging": null,
            "id": "projects/tf-vpc-2b262f2d0e8b2646/global/firewalls/allow-ssh-icmp-from-iap-shared",
            "log_config": [],
            "name": "allow-ssh-icmp-from-iap-shared",
            "network": "https://www.googleapis.com/compute/v1/projects/tf-vpc-2b262f2d0e8b2646/global/networks/shared-network",
            "priority": 1000,
            "project": "tf-vpc-2b262f2d0e8b2646",
            "self_link": "https://www.googleapis.com/compute/v1/projects/tf-vpc-2b262f2d0e8b2646/global/firewalls/allow-ssh-icmp-from-iap-shared",
            "source_ranges": [
              "0.0.0.0/0"
            ],
            "source_service_accounts": [],
            "source_tags": [],
            "target_service_accounts": [],
            "target_tags": [],
            "timeouts": null
          },
          "private": "eyJlMmJmYjczMC1lY2FhLTExZTYtOGY4OC0zNDM2M2JjN2M0YzAiOnsiY3JlYXRlIjoyNDAwMDAwMDAwMDAsImRlbGV0ZSI6MjQwMDAwMDAwMDAwLCJ1cGRhdGUiOjI0MDAwMDAwMDAwMH0sInNjaGVtYV92ZXJzaW9uIjoiMSJ9",
          "dependencies": [
            "google_compute_network.shared_network",
            "google_compute_shared_vpc_host_project.host_project"
          ]
        }
      ]
    },
    {
      "mode": "managed",
      "type": "google_compute_global_forwarding_rule",
      "name": "default",
      "provider": "provider[\"registry.terraform.io/hashicorp/google\"]",
      "instances": [
        {
          "schema_version": 0,
          "attributes": {
            "description": "",
            "id": "projects/iac-triplex/global/forwardingRules/global-rule",
            "ip_address": "35.244.154.218",
            "ip_protocol": "TCP",
            "ip_version": "",
            "load_balancing_scheme": "EXTERNAL",
            "metadata_filters": [],
            "name": "global-rule",
            "port_range": "80-80",
            "project": "iac-triplex",
            "self_link": "https://www.googleapis.com/compute/v1/projects/iac-triplex/global/forwardingRules/global-rule",
            "target": "https://www.googleapis.com/compute/v1/projects/iac-triplex/global/targetHttpProxies/target-proxy",
            "timeouts": null
          },
          "private": "eyJlMmJmYjczMC1lY2FhLTExZTYtOGY4OC0zNDM2M2JjN2M0YzAiOnsiY3JlYXRlIjoyNDAwMDAwMDAwMDAsImRlbGV0ZSI6MjQwMDAwMDAwMDAwLCJ1cGRhdGUiOjI0MDAwMDAwMDAwMH19",
          "dependencies": [
            "google_compute_backend_service.default",
            "google_compute_http_health_check.default",
            "google_compute_target_http_proxy.default",
            "google_compute_url_map.default"
          ]
        }
      ]
    },
    {
      "mode": "managed",
      "type": "google_compute_http_health_check",
      "name": "default",
      "provider": "provider[\"registry.terraform.io/hashicorp/google\"]",
      "instances": [
        {
          "schema_version": 0,
          "attributes": {
            "check_interval_sec": 1,
            "creation_timestamp": "2020-10-18T10:04:11.080-07:00",
            "description": "",
            "healthy_threshold": 2,
            "host": "",
            "id": "projects/iac-triplex/global/httpHealthChecks/check-backend",
            "name": "check-backend",
            "port": 80,
            "project": "iac-triplex",
            "request_path": "/",
            "self_link": "https://www.googleapis.com/compute/v1/projects/iac-triplex/global/httpHealthChecks/check-backend",
            "timeout_sec": 1,
            "timeouts": null,
            "unhealthy_threshold": 2
          },
          "private": "eyJlMmJmYjczMC1lY2FhLTExZTYtOGY4OC0zNDM2M2JjN2M0YzAiOnsiY3JlYXRlIjoyNDAwMDAwMDAwMDAsImRlbGV0ZSI6MjQwMDAwMDAwMDAwLCJ1cGRhdGUiOjI0MDAwMDAwMDAwMH19"
        }
      ]
    },
    {
      "mode": "managed",
      "type": "google_compute_instance",
      "name": "apache-vm",
      "provider": "provider[\"registry.terraform.io/hashicorp/google\"]",
      "instances": [
        {
          "schema_version": 6,
          "attributes": {
            "allow_stopping_for_update": true,
            "attached_disk": [],
            "boot_disk": [
              {
                "auto_delete": true,
                "device_name": "persistent-disk-0",
                "disk_encryption_key_raw": "",
                "disk_encryption_key_sha256": "",
                "initialize_params": [
                  {
                    "image": "https://www.googleapis.com/compute/v1/projects/rhel-cloud/global/images/rhel-8-v20201014",
                    "labels": {},
                    "size": 20,
                    "type": "pd-standard"
                  }
                ],
                "kms_key_self_link": "",
                "mode": "READ_WRITE",
                "source": "https://www.googleapis.com/compute/v1/projects/tf-vpc-2b262f2d0e8b2646/zones/us-east1-b/disks/apache-vm"
              }
            ],
            "can_ip_forward": false,
            "cpu_platform": "Intel Haswell",
            "current_status": "RUNNING",
            "deletion_protection": false,
            "description": "",
            "desired_status": null,
            "enable_display": false,
            "guest_accelerator": [],
            "hostname": "",
            "id": "projects/tf-vpc-2b262f2d0e8b2646/zones/us-east1-b/instances/apache-vm",
            "instance_id": "816781384615014604",
            "label_fingerprint": "42WmSpB8rSM=",
            "labels": null,
            "machine_type": "f1-micro",
            "metadata": null,
            "metadata_fingerprint": "fYmSlQLo6aU=",
            "metadata_startup_script": "VM_NAME=VM1\n#!/bin/bash\n\nsudo yum install httpd -y\n\nsudo yum update -y\n\nsudo service httpd start\n\nsudo chkconfig httpd on\n",
            "min_cpu_platform": "",
            "name": "apache-vm",
            "network_interface": [
              {
                "access_config": [],
                "alias_ip_range": [],
                "name": "nic0",
                "network": "https://www.googleapis.com/compute/v1/projects/tf-vpc-2b262f2d0e8b2646/global/networks/shared-network",
                "network_ip": "10.0.2.5",
                "subnetwork": "https://www.googleapis.com/compute/v1/projects/tf-vpc-2b262f2d0e8b2646/regions/us-east1/subnetworks/coalfire-custom-network-sub3",
                "subnetwork_project": "tf-vpc-2b262f2d0e8b2646"
              }
            ],
            "project": "tf-vpc-2b262f2d0e8b2646",
            "resource_policies": null,
            "scheduling": [
              {
                "automatic_restart": true,
                "node_affinities": [],
                "on_host_maintenance": "MIGRATE",
                "preemptible": false
              }
            ],
            "scratch_disk": [],
            "self_link": "https://www.googleapis.com/compute/v1/projects/tf-vpc-2b262f2d0e8b2646/zones/us-east1-b/instances/apache-vm",
            "service_account": [
              {
                "email": "63769234646-compute@developer.gserviceaccount.com",
                "scopes": [
                  "https://www.googleapis.com/auth/compute.readonly"
                ]
              }
            ],
            "shielded_instance_config": [
              {
                "enable_integrity_monitoring": true,
                "enable_secure_boot": false,
                "enable_vtpm": true
              }
            ],
            "tags": null,
            "tags_fingerprint": "42WmSpB8rSM=",
            "timeouts": null,
            "zone": "us-east1-b"
          },
          "private": "eyJlMmJmYjczMC1lY2FhLTExZTYtOGY4OC0zNDM2M2JjN2M0YzAiOnsiY3JlYXRlIjoxMjAwMDAwMDAwMDAwLCJkZWxldGUiOjEyMDAwMDAwMDAwMDAsInVwZGF0ZSI6MTIwMDAwMDAwMDAwMH0sInNjaGVtYV92ZXJzaW9uIjoiNiJ9",
          "dependencies": [
            "google_compute_network.shared_network",
            "google_compute_subnetwork.coalfire_shared_network_sub3",
            "google_project_service.host_project"
          ]
        }
      ]
    },
    {
      "mode": "managed",
      "type": "google_compute_instance",
      "name": "compute-rhel-internet",
      "provider": "provider[\"registry.terraform.io/hashicorp/google\"]",
      "instances": [
        {
          "schema_version": 6,
          "attributes": {
            "allow_stopping_for_update": true,
            "attached_disk": [],
            "boot_disk": [
              {
                "auto_delete": true,
                "device_name": "persistent-disk-0",
                "disk_encryption_key_raw": "",
                "disk_encryption_key_sha256": "",
                "initialize_params": [
                  {
                    "image": "https://www.googleapis.com/compute/v1/projects/rhel-cloud/global/images/rhel-8-v20201014",
                    "labels": {},
                    "size": 20,
                    "type": "pd-standard"
                  }
                ],
                "kms_key_self_link": "",
                "mode": "READ_WRITE",
                "source": "https://www.googleapis.com/compute/v1/projects/tf-vpc-2b262f2d0e8b2646/zones/us-east1-b/disks/compute-rhel-internet"
              }
            ],
            "can_ip_forward": false,
            "cpu_platform": "Intel Haswell",
            "current_status": "RUNNING",
            "deletion_protection": false,
            "description": "",
            "desired_status": null,
            "enable_display": false,
            "guest_accelerator": [],
            "hostname": "",
            "id": "projects/tf-vpc-2b262f2d0e8b2646/zones/us-east1-b/instances/compute-rhel-internet",
            "instance_id": "7426996646004732017",
            "label_fingerprint": "42WmSpB8rSM=",
            "labels": null,
            "machine_type": "f1-micro",
            "metadata": null,
            "metadata_fingerprint": "fYmSlQLo6aU=",
            "metadata_startup_script": "VM_NAME=VM1\n#!/bin/bash\n\nsudo yum install httpd -y\n\nsudo yum update -y\n\nsudo service httpd start\n\nsudo chkconfig httpd on\n",
            "min_cpu_platform": "",
            "name": "compute-rhel-internet",
            "network_interface": [
              {
                "access_config": [
                  {
                    "nat_ip": "34.74.203.115",
                    "network_tier": "PREMIUM",
                    "public_ptr_domain_name": ""
                  }
                ],
                "alias_ip_range": [],
                "name": "nic0",
                "network": "https://www.googleapis.com/compute/v1/projects/tf-vpc-2b262f2d0e8b2646/global/networks/shared-network",
                "network_ip": "10.0.0.5",
                "subnetwork": "https://www.googleapis.com/compute/v1/projects/tf-vpc-2b262f2d0e8b2646/regions/us-east1/subnetworks/coalfire-custom-network-sub1",
                "subnetwork_project": "tf-vpc-2b262f2d0e8b2646"
              }
            ],
            "project": "tf-vpc-2b262f2d0e8b2646",
            "resource_policies": null,
            "scheduling": [
              {
                "automatic_restart": true,
                "node_affinities": [],
                "on_host_maintenance": "MIGRATE",
                "preemptible": false
              }
            ],
            "scratch_disk": [],
            "self_link": "https://www.googleapis.com/compute/v1/projects/tf-vpc-2b262f2d0e8b2646/zones/us-east1-b/instances/compute-rhel-internet",
            "service_account": [
              {
                "email": "63769234646-compute@developer.gserviceaccount.com",
                "scopes": [
                  "https://www.googleapis.com/auth/compute.readonly"
                ]
              }
            ],
            "shielded_instance_config": [
              {
                "enable_integrity_monitoring": true,
                "enable_secure_boot": false,
                "enable_vtpm": true
              }
            ],
            "tags": null,
            "tags_fingerprint": "42WmSpB8rSM=",
            "timeouts": null,
            "zone": "us-east1-b"
          },
          "private": "eyJlMmJmYjczMC1lY2FhLTExZTYtOGY4OC0zNDM2M2JjN2M0YzAiOnsiY3JlYXRlIjoxMjAwMDAwMDAwMDAwLCJkZWxldGUiOjEyMDAwMDAwMDAwMDAsInVwZGF0ZSI6MTIwMDAwMDAwMDAwMH0sInNjaGVtYV92ZXJzaW9uIjoiNiJ9",
          "dependencies": [
            "google_compute_network.shared_network",
            "google_compute_subnetwork.coalfire_shared_network_sub1",
            "google_project_service.host_project"
          ]
        }
      ]
    },
    {
      "mode": "managed",
      "type": "google_compute_network",
      "name": "shared_network",
      "provider": "provider[\"registry.terraform.io/hashicorp/google\"]",
      "instances": [
        {
          "schema_version": 0,
          "attributes": {
            "auto_create_subnetworks": false,
            "delete_default_routes_on_create": false,
            "description": "",
            "gateway_ipv4": "",
            "id": "projects/tf-vpc-2b262f2d0e8b2646/global/networks/shared-network",
            "name": "shared-network",
            "project": "tf-vpc-2b262f2d0e8b2646",
            "routing_mode": "REGIONAL",
            "self_link": "https://www.googleapis.com/compute/v1/projects/tf-vpc-2b262f2d0e8b2646/global/networks/shared-network",
            "timeouts": null
          },
          "private": "eyJlMmJmYjczMC1lY2FhLTExZTYtOGY4OC0zNDM2M2JjN2M0YzAiOnsiY3JlYXRlIjoyNDAwMDAwMDAwMDAsImRlbGV0ZSI6MjQwMDAwMDAwMDAwLCJ1cGRhdGUiOjI0MDAwMDAwMDAwMH19",
          "dependencies": [
            "google_compute_shared_vpc_host_project.host_project",
            "google_compute_shared_vpc_service_project.service_project_1",
            "google_folder.Application-Coalfire",
            "google_folder.Management-Coalfire",
            "google_project.host_project",
            "google_project.service_project_1",
            "google_project_service.host_project",
            "google_project_service.service_project_1",
            "random_id.host_project",
            "random_id.service_project_1"
          ]
        }
      ]
    },
    {
      "mode": "managed",
      "type": "google_compute_shared_vpc_host_project",
      "name": "host_project",
      "provider": "provider[\"registry.terraform.io/hashicorp/google\"]",
      "instances": [
        {
          "schema_version": 0,
          "attributes": {
            "id": "tf-vpc-2b262f2d0e8b2646",
            "project": "tf-vpc-2b262f2d0e8b2646",
            "timeouts": null
          },
          "private": "eyJlMmJmYjczMC1lY2FhLTExZTYtOGY4OC0zNDM2M2JjN2M0YzAiOnsiY3JlYXRlIjoyNDAwMDAwMDAwMDAsImRlbGV0ZSI6MjQwMDAwMDAwMDAwfX0=",
          "dependencies": [
            "google_folder.Management-Coalfire",
            "google_project.host_project",
            "google_project_service.host_project",
            "random_id.host_project"
          ]
        }
      ]
    },
    {
      "mode": "managed",
      "type": "google_compute_shared_vpc_service_project",
      "name": "service_project_1",
      "provider": "provider[\"registry.terraform.io/hashicorp/google\"]",
      "instances": [
        {
          "schema_version": 0,
          "attributes": {
            "host_project": "tf-vpc-2b262f2d0e8b2646",
            "id": "tf-vpc-2b262f2d0e8b2646/tf-vpc-203274e4cd95c165",
            "service_project": "tf-vpc-203274e4cd95c165",
            "timeouts": null
          },
          "private": "eyJlMmJmYjczMC1lY2FhLTExZTYtOGY4OC0zNDM2M2JjN2M0YzAiOnsiY3JlYXRlIjoyNDAwMDAwMDAwMDAsImRlbGV0ZSI6MjQwMDAwMDAwMDAwfX0=",
          "dependencies": [
            "google_compute_shared_vpc_host_project.host_project",
            "google_folder.Application-Coalfire",
            "google_folder.Management-Coalfire",
            "google_project.host_project",
            "google_project.service_project_1",
            "google_project_service.host_project",
            "google_project_service.service_project_1",
            "random_id.host_project",
            "random_id.service_project_1"
          ]
        }
      ]
    },
    {
      "mode": "managed",
      "type": "google_compute_subnetwork",
      "name": "coalfire_shared_network_sub1",
      "provider": "provider[\"registry.terraform.io/hashicorp/google\"]",
      "instances": [
        {
          "schema_version": 0,
          "attributes": {
            "creation_timestamp": "2020-10-18T10:24:55.696-07:00",
            "description": "",
            "fingerprint": null,
            "gateway_address": "10.0.0.1",
            "id": "projects/tf-vpc-2b262f2d0e8b2646/regions/us-east1/subnetworks/coalfire-custom-network-sub1",
            "ip_cidr_range": "10.0.0.0/24",
            "log_config": [],
            "name": "coalfire-custom-network-sub1",
            "network": "https://www.googleapis.com/compute/v1/projects/tf-vpc-2b262f2d0e8b2646/global/networks/shared-network",
            "private_ip_google_access": false,
            "project": "tf-vpc-2b262f2d0e8b2646",
            "region": "us-east1",
            "secondary_ip_range": [],
            "self_link": "https://www.googleapis.com/compute/v1/projects/tf-vpc-2b262f2d0e8b2646/regions/us-east1/subnetworks/coalfire-custom-network-sub1",
            "timeouts": null
          },
          "private": "eyJlMmJmYjczMC1lY2FhLTExZTYtOGY4OC0zNDM2M2JjN2M0YzAiOnsiY3JlYXRlIjozNjAwMDAwMDAwMDAsImRlbGV0ZSI6MzYwMDAwMDAwMDAwLCJ1cGRhdGUiOjM2MDAwMDAwMDAwMH19",
          "dependencies": [
            "google_compute_network.shared_network"
          ]
        }
      ]
    },
    {
      "mode": "managed",
      "type": "google_compute_subnetwork",
      "name": "coalfire_shared_network_sub3",
      "provider": "provider[\"registry.terraform.io/hashicorp/google\"]",
      "instances": [
        {
          "schema_version": 0,
          "attributes": {
            "creation_timestamp": "2020-10-18T10:06:48.646-07:00",
            "description": "",
            "fingerprint": null,
            "gateway_address": "10.0.2.1",
            "id": "projects/tf-vpc-2b262f2d0e8b2646/regions/us-east1/subnetworks/coalfire-custom-network-sub3",
            "ip_cidr_range": "10.0.2.0/24",
            "log_config": [],
            "name": "coalfire-custom-network-sub3",
            "network": "https://www.googleapis.com/compute/v1/projects/tf-vpc-2b262f2d0e8b2646/global/networks/shared-network",
            "private_ip_google_access": false,
            "project": "tf-vpc-2b262f2d0e8b2646",
            "region": "us-east1",
            "secondary_ip_range": [],
            "self_link": "https://www.googleapis.com/compute/v1/projects/tf-vpc-2b262f2d0e8b2646/regions/us-east1/subnetworks/coalfire-custom-network-sub3",
            "timeouts": null
          },
          "dependencies": [
            "google_compute_network.shared_network",
            "google_compute_shared_vpc_host_project.host_project",
            "google_compute_shared_vpc_service_project.service_project_1",
            "google_folder.Application-Coalfire",
            "google_folder.Management-Coalfire",
            "google_project.host_project",
            "google_project.service_project_1",
            "google_project_service.host_project",
            "google_project_service.service_project_1",
            "random_id.host_project",
            "random_id.service_project_1"
          ]
        }
      ]
    },
    {
      "mode": "managed",
      "type": "google_compute_target_http_proxy",
      "name": "default",
      "provider": "provider[\"registry.terraform.io/hashicorp/google\"]",
      "instances": [
        {
          "schema_version": 0,
          "attributes": {
            "creation_timestamp": "2020-10-18T10:04:44.989-07:00",
            "description": "a description",
            "id": "projects/iac-triplex/global/targetHttpProxies/target-proxy",
            "name": "target-proxy",
            "project": "iac-triplex",
            "proxy_id": 4863949275456981827,
            "self_link": "https://www.googleapis.com/compute/v1/projects/iac-triplex/global/targetHttpProxies/target-proxy",
            "timeouts": null,
            "url_map": "https://www.googleapis.com/compute/v1/projects/iac-triplex/global/urlMaps/url-map-target-proxy"
          },
          "private": "eyJlMmJmYjczMC1lY2FhLTExZTYtOGY4OC0zNDM2M2JjN2M0YzAiOnsiY3JlYXRlIjoyNDAwMDAwMDAwMDAsImRlbGV0ZSI6MjQwMDAwMDAwMDAwLCJ1cGRhdGUiOjI0MDAwMDAwMDAwMH19",
          "dependencies": [
            "google_compute_backend_service.default",
            "google_compute_http_health_check.default",
            "google_compute_url_map.default"
          ]
        }
      ]
    },
    {
      "mode": "managed",
      "type": "google_compute_url_map",
      "name": "default",
      "provider": "provider[\"registry.terraform.io/hashicorp/google\"]",
      "instances": [
        {
          "schema_version": 0,
          "attributes": {
            "creation_timestamp": "2020-10-18T10:04:33.771-07:00",
            "default_route_action": [],
            "default_service": "https://www.googleapis.com/compute/v1/projects/iac-triplex/global/backendServices/backend",
            "default_url_redirect": [],
            "description": "a description",
            "fingerprint": "q44Rm8-mjJI=",
            "header_action": [],
            "host_rule": [
              {
                "description": "",
                "hosts": [
                  "apache-vm"
                ],
                "path_matcher": "allpaths"
              }
            ],
            "id": "projects/iac-triplex/global/urlMaps/url-map-target-proxy",
            "map_id": 5300650507753343822,
            "name": "url-map-target-proxy",
            "path_matcher": [
              {
                "default_route_action": [],
                "default_service": "https://www.googleapis.com/compute/v1/projects/iac-triplex/global/backendServices/backend",
                "default_url_redirect": [],
                "description": "",
                "header_action": [],
                "name": "allpaths",
                "path_rule": [
                  {
                    "paths": [
                      "/*"
                    ],
                    "route_action": [],
                    "service": "https://www.googleapis.com/compute/v1/projects/iac-triplex/global/backendServices/backend",
                    "url_redirect": []
                  }
                ],
                "route_rules": []
              }
            ],
            "project": "iac-triplex",
            "self_link": "https://www.googleapis.com/compute/v1/projects/iac-triplex/global/urlMaps/url-map-target-proxy",
            "test": [],
            "timeouts": null
          },
          "private": "eyJlMmJmYjczMC1lY2FhLTExZTYtOGY4OC0zNDM2M2JjN2M0YzAiOnsiY3JlYXRlIjoyNDAwMDAwMDAwMDAsImRlbGV0ZSI6MjQwMDAwMDAwMDAwLCJ1cGRhdGUiOjI0MDAwMDAwMDAwMH19",
          "dependencies": [
            "google_compute_backend_service.default",
            "google_compute_http_health_check.default"
          ]
        }
      ]
    },
    {
      "mode": "managed",
      "type": "google_folder",
      "name": "Application-Coalfire",
      "provider": "provider[\"registry.terraform.io/hashicorp/google\"]",
      "instances": [
        {
          "schema_version": 0,
          "attributes": {
            "create_time": "2020-10-18T17:04:12.266Z",
            "display_name": "Application-Coalfire",
            "folder_id": "21565022926",
            "id": "folders/21565022926",
            "lifecycle_state": "ACTIVE",
            "name": "folders/21565022926",
            "parent": "organizations/227459452227",
            "timeouts": null
          },
          "private": "eyJlMmJmYjczMC1lY2FhLTExZTYtOGY4OC0zNDM2M2JjN2M0YzAiOnsiY3JlYXRlIjoyNDAwMDAwMDAwMDAsImRlbGV0ZSI6MjQwMDAwMDAwMDAwLCJyZWFkIjoyNDAwMDAwMDAwMDAsInVwZGF0ZSI6MjQwMDAwMDAwMDAwfX0="
        }
      ]
    },
    {
      "mode": "managed",
      "type": "google_folder",
      "name": "Management-Coalfire",
      "provider": "provider[\"registry.terraform.io/hashicorp/google\"]",
      "instances": [
        {
          "schema_version": 0,
          "attributes": {
            "create_time": "2020-10-18T17:04:11.932Z",
            "display_name": "Management-Coalfire",
            "folder_id": "1075908965860",
            "id": "folders/1075908965860",
            "lifecycle_state": "ACTIVE",
            "name": "folders/1075908965860",
            "parent": "organizations/227459452227",
            "timeouts": null
          },
          "private": "eyJlMmJmYjczMC1lY2FhLTExZTYtOGY4OC0zNDM2M2JjN2M0YzAiOnsiY3JlYXRlIjoyNDAwMDAwMDAwMDAsImRlbGV0ZSI6MjQwMDAwMDAwMDAwLCJyZWFkIjoyNDAwMDAwMDAwMDAsInVwZGF0ZSI6MjQwMDAwMDAwMDAwfX0="
        }
      ]
    },
    {
      "mode": "managed",
      "type": "google_project",
      "name": "host_project",
      "provider": "provider[\"registry.terraform.io/hashicorp/google\"]",
      "instances": [
        {
          "schema_version": 1,
          "attributes": {
            "auto_create_network": true,
            "billing_account": "016F65-7A2064-F1458E",
            "folder_id": "1075908965860",
            "id": "projects/tf-vpc-2b262f2d0e8b2646",
            "labels": {},
            "name": "Host Project",
            "number": "63769234646",
            "org_id": "",
            "project_id": "tf-vpc-2b262f2d0e8b2646",
            "skip_delete": null,
            "timeouts": null
          },
          "private": "eyJlMmJmYjczMC1lY2FhLTExZTYtOGY4OC0zNDM2M2JjN2M0YzAiOnsiY3JlYXRlIjo2MDAwMDAwMDAwMDAsImRlbGV0ZSI6NjAwMDAwMDAwMDAwLCJyZWFkIjo2MDAwMDAwMDAwMDAsInVwZGF0ZSI6NjAwMDAwMDAwMDAwfSwic2NoZW1hX3ZlcnNpb24iOiIxIn0=",
          "dependencies": [
            "google_folder.Management-Coalfire",
            "random_id.host_project"
          ]
        }
      ]
    },
    {
      "mode": "managed",
      "type": "google_project",
      "name": "service_project_1",
      "provider": "provider[\"registry.terraform.io/hashicorp/google\"]",
      "instances": [
        {
          "schema_version": 1,
          "attributes": {
            "auto_create_network": true,
            "billing_account": "016F65-7A2064-F1458E",
            "folder_id": "21565022926",
            "id": "projects/tf-vpc-203274e4cd95c165",
            "labels": {},
            "name": "Application-Coalfire",
            "number": "714803241854",
            "org_id": "",
            "project_id": "tf-vpc-203274e4cd95c165",
            "skip_delete": null,
            "timeouts": null
          },
          "private": "eyJlMmJmYjczMC1lY2FhLTExZTYtOGY4OC0zNDM2M2JjN2M0YzAiOnsiY3JlYXRlIjo2MDAwMDAwMDAwMDAsImRlbGV0ZSI6NjAwMDAwMDAwMDAwLCJyZWFkIjo2MDAwMDAwMDAwMDAsInVwZGF0ZSI6NjAwMDAwMDAwMDAwfSwic2NoZW1hX3ZlcnNpb24iOiIxIn0=",
          "dependencies": [
            "google_folder.Application-Coalfire",
            "random_id.service_project_1"
          ]
        }
      ]
    },
    {
      "mode": "managed",
      "type": "google_project_service",
      "name": "host_project",
      "provider": "provider[\"registry.terraform.io/hashicorp/google\"]",
      "instances": [
        {
          "schema_version": 0,
          "attributes": {
            "disable_dependent_services": null,
            "disable_on_destroy": true,
            "id": "tf-vpc-2b262f2d0e8b2646/compute.googleapis.com",
            "project": "tf-vpc-2b262f2d0e8b2646",
            "service": "compute.googleapis.com",
            "timeouts": null
          },
          "private": "eyJlMmJmYjczMC1lY2FhLTExZTYtOGY4OC0zNDM2M2JjN2M0YzAiOnsiY3JlYXRlIjoxMjAwMDAwMDAwMDAwLCJkZWxldGUiOjEyMDAwMDAwMDAwMDAsInJlYWQiOjYwMDAwMDAwMDAwMCwidXBkYXRlIjoxMjAwMDAwMDAwMDAwfX0=",
          "dependencies": [
            "google_folder.Management-Coalfire",
            "google_project.host_project",
            "random_id.host_project"
          ]
        }
      ]
    },
    {
      "mode": "managed",
      "type": "google_project_service",
      "name": "service_project_1",
      "provider": "provider[\"registry.terraform.io/hashicorp/google\"]",
      "instances": [
        {
          "schema_version": 0,
          "attributes": {
            "disable_dependent_services": null,
            "disable_on_destroy": true,
            "id": "tf-vpc-203274e4cd95c165/compute.googleapis.com",
            "project": "tf-vpc-203274e4cd95c165",
            "service": "compute.googleapis.com",
            "timeouts": null
          },
          "private": "eyJlMmJmYjczMC1lY2FhLTExZTYtOGY4OC0zNDM2M2JjN2M0YzAiOnsiY3JlYXRlIjoxMjAwMDAwMDAwMDAwLCJkZWxldGUiOjEyMDAwMDAwMDAwMDAsInJlYWQiOjYwMDAwMDAwMDAwMCwidXBkYXRlIjoxMjAwMDAwMDAwMDAwfX0=",
          "dependencies": [
            "google_folder.Application-Coalfire",
            "google_project.service_project_1",
            "random_id.service_project_1"
          ]
        }
      ]
    },
    {
      "mode": "managed",
      "type": "random_id",
      "name": "host_project",
      "provider": "provider[\"registry.terraform.io/hashicorp/random\"]",
      "instances": [
        {
          "schema_version": 0,
          "attributes": {
            "b64_std": "KyYvLQ6LJkY=",
            "b64_url": "KyYvLQ6LJkY",
            "byte_length": 8,
            "dec": "3109224463309940294",
            "hex": "2b262f2d0e8b2646",
            "id": "KyYvLQ6LJkY",
            "keepers": null,
            "prefix": null
          },
          "private": "bnVsbA=="
        }
      ]
    },
    {
      "mode": "managed",
      "type": "random_id",
      "name": "service_project_1",
      "provider": "provider[\"registry.terraform.io/hashicorp/random\"]",
      "instances": [
        {
          "schema_version": 0,
          "attributes": {
            "b64_std": "IDJ05M2VwWU=",
            "b64_url": "IDJ05M2VwWU",
            "byte_length": 8,
            "dec": "2320045284099735909",
            "hex": "203274e4cd95c165",
            "id": "IDJ05M2VwWU",
            "keepers": null,
            "prefix": null
          },
          "private": "bnVsbA=="
        }
      ]
    },
    {
      "module": "module.cloud-nat",
      "mode": "managed",
      "type": "google_compute_router_nat",
      "name": "main",
      "provider": "provider[\"registry.terraform.io/hashicorp/google\"]",
      "instances": [
        {
          "schema_version": 0,
          "attributes": {
            "drain_nat_ips": [],
            "icmp_idle_timeout_sec": 30,
            "id": "tf-vpc-2b262f2d0e8b2646/us-east1/coalfire-router-1/cloud-nat-baa5g5",
            "log_config": [],
            "min_ports_per_vm": 64,
            "name": "cloud-nat-baa5g5",
            "nat_ip_allocate_option": "AUTO_ONLY",
            "nat_ips": [],
            "project": "tf-vpc-2b262f2d0e8b2646",
            "region": "us-east1",
            "router": "coalfire-router-1",
            "source_subnetwork_ip_ranges_to_nat": "ALL_SUBNETWORKS_ALL_IP_RANGES",
            "subnetwork": [],
            "tcp_established_idle_timeout_sec": 1200,
            "tcp_transitory_idle_timeout_sec": 30,
            "timeouts": null,
            "udp_idle_timeout_sec": 30
          },
          "private": "eyJlMmJmYjczMC1lY2FhLTExZTYtOGY4OC0zNDM2M2JjN2M0YzAiOnsiY3JlYXRlIjo2MDAwMDAwMDAwMDAsImRlbGV0ZSI6NjAwMDAwMDAwMDAwLCJ1cGRhdGUiOjYwMDAwMDAwMDAwMH19",
          "dependencies": [
            "google_compute_network.shared_network",
            "module.cloud-nat.google_compute_router.router",
            "module.cloud-nat.random_string.name_suffix"
          ]
        }
      ]
    },
    {
      "module": "module.cloud-nat",
      "mode": "managed",
      "type": "random_string",
      "name": "name_suffix",
      "provider": "provider[\"registry.terraform.io/hashicorp/random\"]",
      "instances": [
        {
          "schema_version": 1,
          "attributes": {
            "id": "baa5g5",
            "keepers": null,
            "length": 6,
            "lower": true,
            "min_lower": 0,
            "min_numeric": 0,
            "min_special": 0,
            "min_upper": 0,
            "number": true,
            "override_special": null,
            "result": "baa5g5",
            "special": false,
            "upper": false
          },
          "private": "eyJzY2hlbWFfdmVyc2lvbiI6IjEifQ=="
        }
      ]
    },
    {
      "module": "module.cloud_router",
      "mode": "managed",
      "type": "google_compute_router",
      "name": "router",
      "provider": "provider[\"registry.terraform.io/hashicorp/google\"]",
      "instances": [
        {
          "schema_version": 0,
          "attributes": {
            "bgp": [],
            "creation_timestamp": "2020-10-18T10:15:36.906-07:00",
            "description": "",
            "id": "projects/tf-vpc-2b262f2d0e8b2646/regions/us-east1/routers/coalfire-router-1",
            "name": "coalfire-router-1",
            "network": "https://www.googleapis.com/compute/v1/projects/tf-vpc-2b262f2d0e8b2646/global/networks/shared-network",
            "project": "tf-vpc-2b262f2d0e8b2646",
            "region": "us-east1",
            "self_link": "https://www.googleapis.com/compute/v1/projects/tf-vpc-2b262f2d0e8b2646/regions/us-east1/routers/coalfire-router-1",
            "timeouts": null
          },
          "private": "eyJlMmJmYjczMC1lY2FhLTExZTYtOGY4OC0zNDM2M2JjN2M0YzAiOnsiY3JlYXRlIjoyNDAwMDAwMDAwMDAsImRlbGV0ZSI6MjQwMDAwMDAwMDAwLCJ1cGRhdGUiOjI0MDAwMDAwMDAwMH19",
          "dependencies": [
            "google_compute_network.shared_network"
          ]
        }
      ]
    }
  ]
}
